{"1.2.0",
[{<<"chumak">>,{pkg,<<"chumak">>,<<"1.4.0">>},0},
 {<<"getopt">>,{pkg,<<"getopt">>,<<"1.0.2">>},0},
 {<<"gproc">>,{pkg,<<"gproc">>,<<"0.9.0">>},0},
 {<<"iso8601">>,{pkg,<<"iso8601">>,<<"1.3.3">>},0},
 {<<"jsx">>,{pkg,<<"jsx">>,<<"3.1.0">>},0},
 {<<"lfe">>,{pkg,<<"lfe">>,<<"2.0.1">>},0},
 {<<"quickrand">>,{pkg,<<"quickrand">>,<<"2.0.2">>},1},
 {<<"uuid">>,{pkg,<<"uuid_erl">>,<<"2.0.2">>},0}]}.
[
{pkg_hash,[
 {<<"chumak">>, <<"79EB44BA2DA1E2A072C06BCA1C79016C936423C6B8F826D6A7C2E22E046A3D40">>},
 {<<"getopt">>, <<"33D9B44289FE7AD08627DDFE1D798E30B2DA0033B51DA1B3A2D64E72CD581D02">>},
 {<<"gproc">>, <<"853CCB7805E9ADA25D227A157BA966F7B34508F386A3E7E21992B1B484230699">>},
 {<<"iso8601">>, <<"994AFF5DFE760F14A8C4F2D8C3CF500371BF1A8CF309C3C0CB510401064223E0">>},
 {<<"jsx">>, <<"D12516BAA0BB23A59BB35DCCAF02A1BD08243FCBB9EFE24F2D9D056CCFF71268">>},
 {<<"lfe">>, <<"C95185AC7E244EDB60C72CE96087D2D3FBC85334109B741790EF49F6A52E728A">>},
 {<<"quickrand">>, <<"1D73FAA52E0C149FCBC72A63C26135FF68BE8FA7870675C73645896788A7540C">>},
 {<<"uuid">>, <<"0D1CA9D94CA3B058467BCE20B7706CC816A2BDBBE0574DD008936AE97EA4EBE7">>}]},
{pkg_hash_ext,[
 {<<"chumak">>, <<"A3A618A2CAE0E3F8E844752E7F6F56C6231C5DAEF1A8DE498A5973BAA202CC5C">>},
 {<<"getopt">>, <<"A0029AEA4322FB82A61F6876A6D9C66DC9878B6CB61FAA13DF3187384FD4EA26">>},
 {<<"gproc">>, <<"587E8AF698CCD3504CF4BA8D90F893EDE2B0F58CABB8A916E2BF9321DE3CF10B">>},
 {<<"iso8601">>, <<"BCC7767D691E4D8A26E713F48DA51ABD951BEC4E071AE841F371766F96B46834">>},
 {<<"jsx">>, <<"0C5CC8FDC11B53CC25CF65AC6705AD39E54ECC56D1C22E4ADB8F5A53FB9427F3">>},
 {<<"lfe">>, <<"C3EA9732DF613186C14CAC840D25283B87914AE74D87AFCBA3230AAB41D25E9F">>},
 {<<"quickrand">>, <<"E21C6C7F29CA995468662085CA54D7D09E861C180A9DFEC2CF4A2E75364A16D6">>},
 {<<"uuid">>, <<"4866CA7B3BD0265BC371590DCD0FE2832FC08588A071B72D07E09E23F163D0D6">>}]}
].
